
Microsoft Visual Studio Solution File, Format Version 9.00
# Visual Studio 2005
# SharpDevelop 4.0.0.7070
Project("{FAE04EC0-301F-11D3-BF4B-00C04F79EFBC}") = "EnvRoomControler", "EnvRoomControler\EnvRoomControler.csproj", "{8E708507-B9BC-451B-97E2-0E99DE0327ED}"
EndProject
Project("{FAE04EC0-301F-11D3-BF4B-00C04F79EFBC}") = "envRoom", "envRoom.csproj", "{6A92CCCC-702B-4D0B-A3EC-4E7ED9EBAE6D}"
EndProject
Project("{FAE04EC0-301F-11D3-BF4B-00C04F79EFBC}") = "EmailSMSSender", "..\EmailSMSSender\EmailSMSSender.csproj", "{77228BF1-700B-4F94-B687-33FFB9001B62}"
EndProject
Global
	GlobalSection(SolutionConfigurationPlatforms) = preSolution
		Debug|Any CPU = Debug|Any CPU
		Release|Any CPU = Release|Any CPU
	EndGlobalSection
	GlobalSection(ProjectConfigurationPlatforms) = postSolution
		{8E708507-B9BC-451B-97E2-0E99DE0327ED}.Debug|Any CPU.Build.0 = Debug|Any CPU
		{8E708507-B9BC-451B-97E2-0E99DE0327ED}.Debug|Any CPU.ActiveCfg = Debug|Any CPU
		{8E708507-B9BC-451B-97E2-0E99DE0327ED}.Release|Any CPU.Build.0 = Release|Any CPU
		{8E708507-B9BC-451B-97E2-0E99DE0327ED}.Release|Any CPU.ActiveCfg = Release|Any CPU
		{6A92CCCC-702B-4D0B-A3EC-4E7ED9EBAE6D}.Debug|Any CPU.Build.0 = Debug|Any CPU
		{6A92CCCC-702B-4D0B-A3EC-4E7ED9EBAE6D}.Debug|Any CPU.ActiveCfg = Debug|Any CPU
		{6A92CCCC-702B-4D0B-A3EC-4E7ED9EBAE6D}.Release|Any CPU.Build.0 = Release|Any CPU
		{6A92CCCC-702B-4D0B-A3EC-4E7ED9EBAE6D}.Release|Any CPU.ActiveCfg = Release|Any CPU
		{77228BF1-700B-4F94-B687-33FFB9001B62}.Debug|Any CPU.Build.0 = Debug|Any CPU
		{77228BF1-700B-4F94-B687-33FFB9001B62}.Debug|Any CPU.ActiveCfg = Debug|Any CPU
		{77228BF1-700B-4F94-B687-33FFB9001B62}.Release|Any CPU.Build.0 = Release|Any CPU
		{77228BF1-700B-4F94-B687-33FFB9001B62}.Release|Any CPU.ActiveCfg = Release|Any CPU
	EndGlobalSection
EndGlobal
